
Microsoft Visual Studio Solution File, Format Version 12.00
# Visual Studio 15
VisualStudioVersion = 15.0.28307.1000
MinimumVisualStudioVersion = 10.0.40219.1
Project("{FAE04EC0-301F-11D3-BF4B-00C04F79EFBC}") = "StudentManagement_Web", "StudentManagement_Web\StudentManagement_Web.csproj", "{C54AE1D7-BF2B-48BC-9BC1-C7CB431BAF62}"
EndProject
Project("{FAE04EC0-301F-11D3-BF4B-00C04F79EFBC}") = "StudentManagement_Model", "StudentManagement_Model\StudentManagement_Model.csproj", "{B687D04F-4F44-4EC7-BC2F-11647057EADC}"
EndProject
Project("{FAE04EC0-301F-11D3-BF4B-00C04F79EFBC}") = "StudentManagement_BAL", "StudentManagement_BAL\StudentManagement_BAL.csproj", "{57D45106-FF12-4AC4-AAE5-08CC1D2EFBB5}"
EndProject
Project("{FAE04EC0-301F-11D3-BF4B-00C04F79EFBC}") = "StudentManagement_DAL", "StudentManagement_DAL\StudentManagement_DAL.csproj", "{CF8E9E9A-806D-4A93-B9B5-18675B2C7605}"
EndProject
Global
	GlobalSection(SolutionConfigurationPlatforms) = preSolution
		Debug|Any CPU = Debug|Any CPU
		Release|Any CPU = Release|Any CPU
	EndGlobalSection
	GlobalSection(ProjectConfigurationPlatforms) = postSolution
		{C54AE1D7-BF2B-48BC-9BC1-C7CB431BAF62}.Debug|Any CPU.ActiveCfg = Debug|Any CPU
		{C54AE1D7-BF2B-48BC-9BC1-C7CB431BAF62}.Debug|Any CPU.Build.0 = Debug|Any CPU
		{C54AE1D7-BF2B-48BC-9BC1-C7CB431BAF62}.Release|Any CPU.ActiveCfg = Release|Any CPU
		{C54AE1D7-BF2B-48BC-9BC1-C7CB431BAF62}.Release|Any CPU.Build.0 = Release|Any CPU
		{B687D04F-4F44-4EC7-BC2F-11647057EADC}.Debug|Any CPU.ActiveCfg = Debug|Any CPU
		{B687D04F-4F44-4EC7-BC2F-11647057EADC}.Debug|Any CPU.Build.0 = Debug|Any CPU
		{B687D04F-4F44-4EC7-BC2F-11647057EADC}.Release|Any CPU.ActiveCfg = Release|Any CPU
		{B687D04F-4F44-4EC7-BC2F-11647057EADC}.Release|Any CPU.Build.0 = Release|Any CPU
		{57D45106-FF12-4AC4-AAE5-08CC1D2EFBB5}.Debug|Any CPU.ActiveCfg = Debug|Any CPU
		{57D45106-FF12-4AC4-AAE5-08CC1D2EFBB5}.Debug|Any CPU.Build.0 = Debug|Any CPU
		{57D45106-FF12-4AC4-AAE5-08CC1D2EFBB5}.Release|Any CPU.ActiveCfg = Release|Any CPU
		{57D45106-FF12-4AC4-AAE5-08CC1D2EFBB5}.Release|Any CPU.Build.0 = Release|Any CPU
		{CF8E9E9A-806D-4A93-B9B5-18675B2C7605}.Debug|Any CPU.ActiveCfg = Debug|Any CPU
		{CF8E9E9A-806D-4A93-B9B5-18675B2C7605}.Debug|Any CPU.Build.0 = Debug|Any CPU
		{CF8E9E9A-806D-4A93-B9B5-18675B2C7605}.Release|Any CPU.ActiveCfg = Release|Any CPU
		{CF8E9E9A-806D-4A93-B9B5-18675B2C7605}.Release|Any CPU.Build.0 = Release|Any CPU
	EndGlobalSection
	GlobalSection(SolutionProperties) = preSolution
		HideSolutionNode = FALSE
	EndGlobalSection
	GlobalSection(ExtensibilityGlobals) = postSolution
		SolutionGuid = {7DF50941-D4AC-4B96-B5CE-03682B136F4D}
	EndGlobalSection
EndGlobal
